
Microsoft Visual Studio Solution File, Format Version 12.00
# Visual Studio Version 17
VisualStudioVersion = 17.8.34309.116
MinimumVisualStudioVersion = 10.0.40219.1
Project("{9A19103F-16F7-4668-BE54-9A1E7A4F7556}") = "SystemPOS.Server", "SystemPOS\Server\SystemPOS.Server.csproj", "{9C2589F8-7ACF-4B99-8C5F-9B532CBDC736}"
EndProject
Project("{9A19103F-16F7-4668-BE54-9A1E7A4F7556}") = "SystemPOS.Client", "SystemPOS\Client\SystemPOS.Client.csproj", "{FF183D3C-E7E2-4CB0-B633-16A0BA33F7A6}"
EndProject
Project("{9A19103F-16F7-4668-BE54-9A1E7A4F7556}") = "SystemPOS.Shared", "SystemPOS\Shared\SystemPOS.Shared.csproj", "{73FCCA93-5964-440C-B72F-55F7EEC6FC11}"
EndProject
Project("{9A19103F-16F7-4668-BE54-9A1E7A4F7556}") = "POSApi", "POSApi\POSApi.csproj", "{530B51D8-0A3C-4D6F-B218-E9978B87F815}"
EndProject
Global
	GlobalSection(SolutionConfigurationPlatforms) = preSolution
		Debug|Any CPU = Debug|Any CPU
		Release|Any CPU = Release|Any CPU
	EndGlobalSection
	GlobalSection(ProjectConfigurationPlatforms) = postSolution
		{9C2589F8-7ACF-4B99-8C5F-9B532CBDC736}.Debug|Any CPU.ActiveCfg = Debug|Any CPU
		{9C2589F8-7ACF-4B99-8C5F-9B532CBDC736}.Debug|Any CPU.Build.0 = Debug|Any CPU
		{9C2589F8-7ACF-4B99-8C5F-9B532CBDC736}.Release|Any CPU.ActiveCfg = Release|Any CPU
		{9C2589F8-7ACF-4B99-8C5F-9B532CBDC736}.Release|Any CPU.Build.0 = Release|Any CPU
		{FF183D3C-E7E2-4CB0-B633-16A0BA33F7A6}.Debug|Any CPU.ActiveCfg = Debug|Any CPU
		{FF183D3C-E7E2-4CB0-B633-16A0BA33F7A6}.Debug|Any CPU.Build.0 = Debug|Any CPU
		{FF183D3C-E7E2-4CB0-B633-16A0BA33F7A6}.Release|Any CPU.ActiveCfg = Release|Any CPU
		{FF183D3C-E7E2-4CB0-B633-16A0BA33F7A6}.Release|Any CPU.Build.0 = Release|Any CPU
		{73FCCA93-5964-440C-B72F-55F7EEC6FC11}.Debug|Any CPU.ActiveCfg = Debug|Any CPU
		{73FCCA93-5964-440C-B72F-55F7EEC6FC11}.Debug|Any CPU.Build.0 = Debug|Any CPU
		{73FCCA93-5964-440C-B72F-55F7EEC6FC11}.Release|Any CPU.ActiveCfg = Release|Any CPU
		{73FCCA93-5964-440C-B72F-55F7EEC6FC11}.Release|Any CPU.Build.0 = Release|Any CPU
		{530B51D8-0A3C-4D6F-B218-E9978B87F815}.Debug|Any CPU.ActiveCfg = Debug|Any CPU
		{530B51D8-0A3C-4D6F-B218-E9978B87F815}.Debug|Any CPU.Build.0 = Debug|Any CPU
		{530B51D8-0A3C-4D6F-B218-E9978B87F815}.Release|Any CPU.ActiveCfg = Release|Any CPU
		{530B51D8-0A3C-4D6F-B218-E9978B87F815}.Release|Any CPU.Build.0 = Release|Any CPU
	EndGlobalSection
	GlobalSection(SolutionProperties) = preSolution
		HideSolutionNode = FALSE
	EndGlobalSection
	GlobalSection(ExtensibilityGlobals) = postSolution
		SolutionGuid = {C42D4485-704C-4264-9FBF-7D50AAE8383F}
	EndGlobalSection
EndGlobal
